
Microsoft Visual Studio Solution File, Format Version 12.00
# Visual Studio Version 16
VisualStudioVersion = 16.0.31025.194
MinimumVisualStudioVersion = 10.0.40219.1
Project("{FAE04EC0-301F-11D3-BF4B-00C04F79EFBC}") = "FileTrigger", "FileTrigger.csproj", "{80C70803-36CB-437A-AA28-1419906E4ACA}"
EndProject
Project("{54435603-DBB4-11D2-8724-00A0C9A8B90C}") = "FileTriggerSetup", "..\FileTriggerSetup\FileTriggerSetup.vdproj", "{D27A3FB8-AD59-459C-A2D7-9B912046B866}"
EndProject
Global
	GlobalSection(SolutionConfigurationPlatforms) = preSolution
		Debug|Any CPU = Debug|Any CPU
		Release|Any CPU = Release|Any CPU
	EndGlobalSection
	GlobalSection(ProjectConfigurationPlatforms) = postSolution
		{80C70803-36CB-437A-AA28-1419906E4ACA}.Debug|Any CPU.ActiveCfg = Debug|Any CPU
		{80C70803-36CB-437A-AA28-1419906E4ACA}.Debug|Any CPU.Build.0 = Debug|Any CPU
		{80C70803-36CB-437A-AA28-1419906E4ACA}.Release|Any CPU.ActiveCfg = Release|Any CPU
		{80C70803-36CB-437A-AA28-1419906E4ACA}.Release|Any CPU.Build.0 = Release|Any CPU
		{D27A3FB8-AD59-459C-A2D7-9B912046B866}.Debug|Any CPU.ActiveCfg = Debug
		{D27A3FB8-AD59-459C-A2D7-9B912046B866}.Release|Any CPU.ActiveCfg = Release
	EndGlobalSection
	GlobalSection(SolutionProperties) = preSolution
		HideSolutionNode = FALSE
	EndGlobalSection
	GlobalSection(ExtensibilityGlobals) = postSolution
		SolutionGuid = {27991015-8EB5-4B8B-B95C-CB0D03006818}
	EndGlobalSection
EndGlobal
